// !$*UTF8*$!
{
	archiveVersion = 1;
	classes = {
	};
	objectVersion = 56;
	objects = {

/* Begin PBXBuildFile section */
		C50F63D02B4D7E5200C86C9C /* SDWebImage in Frameworks */ = {isa = PBXBuildFile; productRef = C50F63CF2B4D7E5200C86C9C /* SDWebImage */; };
		C50F63D22B4D7E5200C86C9C /* SDWebImageMapKit in Frameworks */ = {isa = PBXBuildFile; productRef = C50F63D12B4D7E5200C86C9C /* SDWebImageMapKit */; };
		C50F63D42B4D7E7500C86C9C /* SDWebImage in Frameworks */ = {isa = PBXBuildFile; productRef = C50F63D32B4D7E7500C86C9C /* SDWebImage */; };
		C50F63D62B4D7E7500C86C9C /* SDWebImageMapKit in Frameworks */ = {isa = PBXBuildFile; productRef = C50F63D52B4D7E7500C86C9C /* SDWebImageMapKit */; };
		C535D1A62B30717C00D23DBF /* GoogleService-Info.plist in Resources */ = {isa = PBXBuildFile; fileRef = C535D1A52B30717C00D23DBF /* GoogleService-Info.plist */; };
		C535D1A92B3078C800D23DBF /* FirebaseAnalytics in Frameworks */ = {isa = PBXBuildFile; productRef = C535D1A82B3078C800D23DBF /* FirebaseAnalytics */; };
		C535D1AB2B3078C800D23DBF /* FirebaseAuth in Frameworks */ = {isa = PBXBuildFile; productRef = C535D1AA2B3078C800D23DBF /* FirebaseAuth */; };
		C535D1AD2B3078C800D23DBF /* FirebaseFirestore in Frameworks */ = {isa = PBXBuildFile; productRef = C535D1AC2B3078C800D23DBF /* FirebaseFirestore */; };
		C535D1AF2B3078C800D23DBF /* FirebaseStorage in Frameworks */ = {isa = PBXBuildFile; productRef = C535D1AE2B3078C800D23DBF /* FirebaseStorage */; };
		C54857222B387EE700463959 /* DetaySayfasi.swift in Sources */ = {isa = PBXBuildFile; fileRef = C54857212B387EE700463959 /* DetaySayfasi.swift */; };
		C54857242B3898A500463959 /* AnilarimHucre.swift in Sources */ = {isa = PBXBuildFile; fileRef = C54857232B3898A500463959 /* AnilarimHucre.swift */; };
		C5B07AF52B36FBCF00E7D8D7 /* AniEkle.swift in Sources */ = {isa = PBXBuildFile; fileRef = C5B07AF42B36FBCF00E7D8D7 /* AniEkle.swift */; };
		C5B07AF72B3709D300E7D8D7 /* MapKitVC.swift in Sources */ = {isa = PBXBuildFile; fileRef = C5B07AF62B3709D300E7D8D7 /* MapKitVC.swift */; };
		C5B971EA2B2F46DE00C8E5EA /* AppDelegate.swift in Sources */ = {isa = PBXBuildFile; fileRef = C5B971E92B2F46DE00C8E5EA /* AppDelegate.swift */; };
		C5B971EC2B2F46DE00C8E5EA /* SceneDelegate.swift in Sources */ = {isa = PBXBuildFile; fileRef = C5B971EB2B2F46DE00C8E5EA /* SceneDelegate.swift */; };
		C5B971EE2B2F46DE00C8E5EA /* ViewController.swift in Sources */ = {isa = PBXBuildFile; fileRef = C5B971ED2B2F46DE00C8E5EA /* ViewController.swift */; };
		C5B971F12B2F46DE00C8E5EA /* Main.storyboard in Resources */ = {isa = PBXBuildFile; fileRef = C5B971EF2B2F46DE00C8E5EA /* Main.storyboard */; };
		C5B971F32B2F46DF00C8E5EA /* Assets.xcassets in Resources */ = {isa = PBXBuildFile; fileRef = C5B971F22B2F46DF00C8E5EA /* Assets.xcassets */; };
		C5B971F62B2F46DF00C8E5EA /* LaunchScreen.storyboard in Resources */ = {isa = PBXBuildFile; fileRef = C5B971F42B2F46DF00C8E5EA /* LaunchScreen.storyboard */; };
		C5B972042B2F67A200C8E5EA /* Anasayfa.swift in Sources */ = {isa = PBXBuildFile; fileRef = C5B972032B2F67A200C8E5EA /* Anasayfa.swift */; };
		C5B972062B2F67B900C8E5EA /* Anilarim.swift in Sources */ = {isa = PBXBuildFile; fileRef = C5B972052B2F67B900C8E5EA /* Anilarim.swift */; };
		C5B972082B2F67CA00C8E5EA /* Hesap.swift in Sources */ = {isa = PBXBuildFile; fileRef = C5B972072B2F67CA00C8E5EA /* Hesap.swift */; };
		F91A34092B35BD8A0027B00A /* Haritam.swift in Sources */ = {isa = PBXBuildFile; fileRef = F91A34082B35BD8A0027B00A /* Haritam.swift */; };
		F95EA4462B4E8BA800DCD362 /* Favorilerim.swift in Sources */ = {isa = PBXBuildFile; fileRef = F95EA4452B4E8BA800DCD362 /* Favorilerim.swift */; };
/* End PBXBuildFile section */

/* Begin PBXFileReference section */
		C535D1A52B30717C00D23DBF /* GoogleService-Info.plist */ = {isa = PBXFileReference; fileEncoding = 4; lastKnownFileType = text.plist.xml; path = "GoogleService-Info.plist"; sourceTree = "<group>"; };
		C54857212B387EE700463959 /* DetaySayfasi.swift */ = {isa = PBXFileReference; lastKnownFileType = sourcecode.swift; path = DetaySayfasi.swift; sourceTree = "<group>"; };
		C54857232B3898A500463959 /* AnilarimHucre.swift */ = {isa = PBXFileReference; lastKnownFileType = sourcecode.swift; path = AnilarimHucre.swift; sourceTree = "<group>"; };
		C5B07AF42B36FBCF00E7D8D7 /* AniEkle.swift */ = {isa = PBXFileReference; lastKnownFileType = sourcecode.swift; path = AniEkle.swift; sourceTree = "<group>"; };
		C5B07AF62B3709D300E7D8D7 /* MapKitVC.swift */ = {isa = PBXFileReference; lastKnownFileType = sourcecode.swift; path = MapKitVC.swift; sourceTree = "<group>"; };
		C5B971E62B2F46DE00C8E5EA /* NotlarimUygulamasi.app */ = {isa = PBXFileReference; explicitFileType = wrapper.application; includeInIndex = 0; path = NotlarimUygulamasi.app; sourceTree = BUILT_PRODUCTS_DIR; };
		C5B971E92B2F46DE00C8E5EA /* AppDelegate.swift */ = {isa = PBXFileReference; lastKnownFileType = sourcecode.swift; path = AppDelegate.swift; sourceTree = "<group>"; };
		C5B971EB2B2F46DE00C8E5EA /* SceneDelegate.swift */ = {isa = PBXFileReference; lastKnownFileType = sourcecode.swift; path = SceneDelegate.swift; sourceTree = "<group>"; };
		C5B971ED2B2F46DE00C8E5EA /* ViewController.swift */ = {isa = PBXFileReference; lastKnownFileType = sourcecode.swift; path = ViewController.swift; sourceTree = "<group>"; };
		C5B971F02B2F46DE00C8E5EA /* Base */ = {isa = PBXFileReference; lastKnownFileType = file.storyboard; name = Base; path = Base.lproj/Main.storyboard; sourceTree = "<group>"; };
		C5B971F22B2F46DF00C8E5EA /* Assets.xcassets */ = {isa = PBXFileReference; lastKnownFileType = folder.assetcatalog; path = Assets.xcassets; sourceTree = "<group>"; };
		C5B971F52B2F46DF00C8E5EA /* Base */ = {isa = PBXFileReference; lastKnownFileType = file.storyboard; name = Base; path = Base.lproj/LaunchScreen.storyboard; sourceTree = "<group>"; };
		C5B971F72B2F46DF00C8E5EA /* Info.plist */ = {isa = PBXFileReference; lastKnownFileType = text.plist.xml; path = Info.plist; sourceTree = "<group>"; };
		C5B972032B2F67A200C8E5EA /* Anasayfa.swift */ = {isa = PBXFileReference; lastKnownFileType = sourcecode.swift; path = Anasayfa.swift; sourceTree = "<group>"; };
		C5B972052B2F67B900C8E5EA /* Anilarim.swift */ = {isa = PBXFileReference; lastKnownFileType = sourcecode.swift; path = Anilarim.swift; sourceTree = "<group>"; };
		C5B972072B2F67CA00C8E5EA /* Hesap.swift */ = {isa = PBXFileReference; lastKnownFileType = sourcecode.swift; path = Hesap.swift; sourceTree = "<group>"; };
		F91A34082B35BD8A0027B00A /* Haritam.swift */ = {isa = PBXFileReference; lastKnownFileType = sourcecode.swift; path = Haritam.swift; sourceTree = "<group>"; };
		F95EA4452B4E8BA800DCD362 /* Favorilerim.swift */ = {isa = PBXFileReference; lastKnownFileType = sourcecode.swift; path = Favorilerim.swift; sourceTree = "<group>"; };
/* End PBXFileReference section */

/* Begin PBXFrameworksBuildPhase section */
		C5B971E32B2F46DE00C8E5EA /* Frameworks */ = {
			isa = PBXFrameworksBuildPhase;
			buildActionMask = 2147483647;
			files = (
				C535D1A92B3078C800D23DBF /* FirebaseAnalytics in Frameworks */,
				C535D1AF2B3078C800D23DBF /* FirebaseStorage in Frameworks */,
				C535D1AB2B3078C800D23DBF /* FirebaseAuth in Frameworks */,
				C50F63D42B4D7E7500C86C9C /* SDWebImage in Frameworks */,
				C535D1AD2B3078C800D23DBF /* FirebaseFirestore in Frameworks */,
				C50F63D22B4D7E5200C86C9C /* SDWebImageMapKit in Frameworks */,
				C50F63D62B4D7E7500C86C9C /* SDWebImageMapKit in Frameworks */,
				C50F63D02B4D7E5200C86C9C /* SDWebImage in Frameworks */,
			);
			runOnlyForDeploymentPostprocessing = 0;
		};
/* End PBXFrameworksBuildPhase section */

/* Begin PBXGroup section */
		C5B971DD2B2F46DE00C8E5EA = {
			isa = PBXGroup;
			children = (
				C5B971E82B2F46DE00C8E5EA /* NotlarimUygulamasi */,
				C5B971E72B2F46DE00C8E5EA /* Products */,
			);
			sourceTree = "<group>";
		};
		C5B971E72B2F46DE00C8E5EA /* Products */ = {
			isa = PBXGroup;
			children = (
				C5B971E62B2F46DE00C8E5EA /* NotlarimUygulamasi.app */,
			);
			name = Products;
			sourceTree = "<group>";
		};
		C5B971E82B2F46DE00C8E5EA /* NotlarimUygulamasi */ = {
			isa = PBXGroup;
			children = (
				C5B971E92B2F46DE00C8E5EA /* AppDelegate.swift */,
				C5B971EB2B2F46DE00C8E5EA /* SceneDelegate.swift */,
				C5B971ED2B2F46DE00C8E5EA /* ViewController.swift */,
				C5B07AF62B3709D300E7D8D7 /* MapKitVC.swift */,
				C5B972032B2F67A200C8E5EA /* Anasayfa.swift */,
				C5B07AF42B36FBCF00E7D8D7 /* AniEkle.swift */,
				C5B972052B2F67B900C8E5EA /* Anilarim.swift */,
				C54857232B3898A500463959 /* AnilarimHucre.swift */,
				F95EA4452B4E8BA800DCD362 /* Favorilerim.swift */,
				C5B972072B2F67CA00C8E5EA /* Hesap.swift */,
				C54857212B387EE700463959 /* DetaySayfasi.swift */,
				F91A34082B35BD8A0027B00A /* Haritam.swift */,
				C5B971EF2B2F46DE00C8E5EA /* Main.storyboard */,
				C5B971F22B2F46DF00C8E5EA /* Assets.xcassets */,
				C5B971F42B2F46DF00C8E5EA /* LaunchScreen.storyboard */,
				C5B971F72B2F46DF00C8E5EA /* Info.plist */,
				C535D1A52B30717C00D23DBF /* GoogleService-Info.plist */,
			);
			path = NotlarimUygulamasi;
			sourceTree = "<group>";
		};
/* End PBXGroup section */

/* Begin PBXNativeTarget section */
		C5B971E52B2F46DE00C8E5EA /* NotlarimUygulamasi */ = {
			isa = PBXNativeTarget;
			buildConfigurationList = C5B971FA2B2F46DF00C8E5EA /* Build configuration list for PBXNativeTarget "NotlarimUygulamasi" */;
			buildPhases = (
				C5B971E22B2F46DE00C8E5EA /* Sources */,
				C5B971E32B2F46DE00C8E5EA /* Frameworks */,
				C5B971E42B2F46DE00C8E5EA /* Resources */,
			);
			buildRules = (
			);
			dependencies = (
			);
			name = NotlarimUygulamasi;
			packageProductDependencies = (
				C535D1A82B3078C800D23DBF /* FirebaseAnalytics */,
				C535D1AA2B3078C800D23DBF /* FirebaseAuth */,
				C535D1AC2B3078C800D23DBF /* FirebaseFirestore */,
				C535D1AE2B3078C800D23DBF /* FirebaseStorage */,
				C50F63CF2B4D7E5200C86C9C /* SDWebImage */,
				C50F63D12B4D7E5200C86C9C /* SDWebImageMapKit */,
				C50F63D32B4D7E7500C86C9C /* SDWebImage */,
				C50F63D52B4D7E7500C86C9C /* SDWebImageMapKit */,
			);
			productName = NotlarimUygulamasi;
			productReference = C5B971E62B2F46DE00C8E5EA /* NotlarimUygulamasi.app */;
			productType = "com.apple.product-type.application";
		};
/* End PBXNativeTarget section */

/* Begin PBXProject section */
		C5B971DE2B2F46DE00C8E5EA /* Project object */ = {
			isa = PBXProject;
			attributes = {
				BuildIndependentTargetsInParallel = 1;
				LastSwiftUpdateCheck = 1430;
				LastUpgradeCheck = 1430;
				TargetAttributes = {
					C5B971E52B2F46DE00C8E5EA = {
						CreatedOnToolsVersion = 14.3.1;
					};
				};
			};
			buildConfigurationList = C5B971E12B2F46DE00C8E5EA /* Build configuration list for PBXProject "NotlarimUygulamasi" */;
			compatibilityVersion = "Xcode 14.0";
			developmentRegion = en;
			hasScannedForEncodings = 0;
			knownRegions = (
				en,
				Base,
			);
			mainGroup = C5B971DD2B2F46DE00C8E5EA;
			packageReferences = (
				C535D1A72B3078C800D23DBF /* XCRemoteSwiftPackageReference "firebase-ios-sdk" */,
				C50F63CE2B4D7BD500C86C9C /* XCRemoteSwiftPackageReference "SDWebImage" */,
			);
			productRefGroup = C5B971E72B2F46DE00C8E5EA /* Products */;
			projectDirPath = "";
			projectRoot = "";
			targets = (
				C5B971E52B2F46DE00C8E5EA /* NotlarimUygulamasi */,
			);
		};
/* End PBXProject section */

/* Begin PBXResourcesBuildPhase section */
		C5B971E42B2F46DE00C8E5EA /* Resources */ = {
			isa = PBXResourcesBuildPhase;
			buildActionMask = 2147483647;
			files = (
				C5B971F62B2F46DF00C8E5EA /* LaunchScreen.storyboard in Resources */,
				C5B971F32B2F46DF00C8E5EA /* Assets.xcassets in Resources */,
				C535D1A62B30717C00D23DBF /* GoogleService-Info.plist in Resources */,
				C5B971F12B2F46DE00C8E5EA /* Main.storyboard in Resources */,
			);
			runOnlyForDeploymentPostprocessing = 0;
		};
/* End PBXResourcesBuildPhase section */

/* Begin PBXSourcesBuildPhase section */
		C5B971E22B2F46DE00C8E5EA /* Sources */ = {
			isa = PBXSourcesBuildPhase;
			buildActionMask = 2147483647;
			files = (
				C54857222B387EE700463959 /* DetaySayfasi.swift in Sources */,
				C5B07AF72B3709D300E7D8D7 /* MapKitVC.swift in Sources */,
				C5B971EE2B2F46DE00C8E5EA /* ViewController.swift in Sources */,
				C5B07AF52B36FBCF00E7D8D7 /* AniEkle.swift in Sources */,
				F95EA4462B4E8BA800DCD362 /* Favorilerim.swift in Sources */,
				C5B972082B2F67CA00C8E5EA /* Hesap.swift in Sources */,
				C5B972042B2F67A200C8E5EA /* Anasayfa.swift in Sources */,
				C5B971EA2B2F46DE00C8E5EA /* AppDelegate.swift in Sources */,
				C5B971EC2B2F46DE00C8E5EA /* SceneDelegate.swift in Sources */,
				F91A34092B35BD8A0027B00A /* Haritam.swift in Sources */,
				C5B972062B2F67B900C8E5EA /* Anilarim.swift in Sources */,
				C54857242B3898A500463959 /* AnilarimHucre.swift in Sources */,
			);
			runOnlyForDeploymentPostprocessing = 0;
		};
/* End PBXSourcesBuildPhase section */

/* Begin PBXVariantGroup section */
		C5B971EF2B2F46DE00C8E5EA /* Main.storyboard */ = {
			isa = PBXVariantGroup;
			children = (
				C5B971F02B2F46DE00C8E5EA /* Base */,
			);
			name = Main.storyboard;
			sourceTree = "<group>";
		};
		C5B971F42B2F46DF00C8E5EA /* LaunchScreen.storyboard */ = {
			isa = PBXVariantGroup;
			children = (
				C5B971F52B2F46DF00C8E5EA /* Base */,
			);
			name = LaunchScreen.storyboard;
			sourceTree = "<group>";
		};
/* End PBXVariantGroup section */

/* Begin XCBuildConfiguration section */
		C5B971F82B2F46DF00C8E5EA /* Debug */ = {
			isa = XCBuildConfiguration;
			buildSettings = {
				ALWAYS_SEARCH_USER_PATHS = NO;
				CLANG_ANALYZER_NONNULL = YES;
				CLANG_ANALYZER_NUMBER_OBJECT_CONVERSION = YES_AGGRESSIVE;
				CLANG_CXX_LANGUAGE_STANDARD = "gnu++20";
				CLANG_ENABLE_MODULES = YES;
				CLANG_ENABLE_OBJC_ARC = YES;
				CLANG_ENABLE_OBJC_WEAK = YES;
				CLANG_WARN_BLOCK_CAPTURE_AUTORELEASING = YES;
				CLANG_WARN_BOOL_CONVERSION = YES;
				CLANG_WARN_COMMA = YES;
				CLANG_WARN_CONSTANT_CONVERSION = YES;
				CLANG_WARN_DEPRECATED_OBJC_IMPLEMENTATIONS = YES;
				CLANG_WARN_DIRECT_OBJC_ISA_USAGE = YES_ERROR;
				CLANG_WARN_DOCUMENTATION_COMMENTS = YES;
				CLANG_WARN_EMPTY_BODY = YES;
				CLANG_WARN_ENUM_CONVERSION = YES;
				CLANG_WARN_INFINITE_RECURSION = YES;
				CLANG_WARN_INT_CONVERSION = YES;
				CLANG_WARN_NON_LITERAL_NULL_CONVERSION = YES;
				CLANG_WARN_OBJC_IMPLICIT_RETAIN_SELF = YES;
				CLANG_WARN_OBJC_LITERAL_CONVERSION = YES;
				CLANG_WARN_OBJC_ROOT_CLASS = YES_ERROR;
				CLANG_WARN_QUOTED_INCLUDE_IN_FRAMEWORK_HEADER = YES;
				CLANG_WARN_RANGE_LOOP_ANALYSIS = YES;
				CLANG_WARN_STRICT_PROTOTYPES = YES;
				CLANG_WARN_SUSPICIOUS_MOVE = YES;
				CLANG_WARN_UNGUARDED_AVAILABILITY = YES_AGGRESSIVE;
				CLANG_WARN_UNREACHABLE_CODE = YES;
				CLANG_WARN__DUPLICATE_METHOD_MATCH = YES;
				COPY_PHASE_STRIP = NO;
				DEBUG_INFORMATION_FORMAT = dwarf;
				ENABLE_STRICT_OBJC_MSGSEND = YES;
				ENABLE_TESTABILITY = YES;
				GCC_C_LANGUAGE_STANDARD = gnu11;
				GCC_DYNAMIC_NO_PIC = NO;
				GCC_NO_COMMON_BLOCKS = YES;
				GCC_OPTIMIZATION_LEVEL = 0;
				GCC_PREPROCESSOR_DEFINITIONS = (
					"DEBUG=1",
					"$(inherited)",
				);
				GCC_WARN_64_TO_32_BIT_CONVERSION = YES;
				GCC_WARN_ABOUT_RETURN_TYPE = YES_ERROR;
				GCC_WARN_UNDECLARED_SELECTOR = YES;
				GCC_WARN_UNINITIALIZED_AUTOS = YES_AGGRESSIVE;
				GCC_WARN_UNUSED_FUNCTION = YES;
				GCC_WARN_UNUSED_VARIABLE = YES;
				IPHONEOS_DEPLOYMENT_TARGET = 16.4;
				MTL_ENABLE_DEBUG_INFO = INCLUDE_SOURCE;
				MTL_FAST_MATH = YES;
				ONLY_ACTIVE_ARCH = YES;
				SDKROOT = iphoneos;
				SWIFT_ACTIVE_COMPILATION_CONDITIONS = DEBUG;
				SWIFT_OPTIMIZATION_LEVEL = "-Onone";
			};
			name = Debug;
		};
		C5B971F92B2F46DF00C8E5EA /* Release */ = {
			isa = XCBuildConfiguration;
			buildSettings = {
				ALWAYS_SEARCH_USER_PATHS = NO;
				CLANG_ANALYZER_NONNULL = YES;
				CLANG_ANALYZER_NUMBER_OBJECT_CONVERSION = YES_AGGRESSIVE;
				CLANG_CXX_LANGUAGE_STANDARD = "gnu++20";
				CLANG_ENABLE_MODULES = YES;
				CLANG_ENABLE_OBJC_ARC = YES;
				CLANG_ENABLE_OBJC_WEAK = YES;
				CLANG_WARN_BLOCK_CAPTURE_AUTORELEASING = YES;
				CLANG_WARN_BOOL_CONVERSION = YES;
				CLANG_WARN_COMMA = YES;
				CLANG_WARN_CONSTANT_CONVERSION = YES;
				CLANG_WARN_DEPRECATED_OBJC_IMPLEMENTATIONS = YES;
				CLANG_WARN_DIRECT_OBJC_ISA_USAGE = YES_ERROR;
				CLANG_WARN_DOCUMENTATION_COMMENTS = YES;
				CLANG_WARN_EMPTY_BODY = YES;
				CLANG_WARN_ENUM_CONVERSION = YES;
				CLANG_WARN_INFINITE_RECURSION = YES;
				CLANG_WARN_INT_CONVERSION = YES;
				CLANG_WARN_NON_LITERAL_NULL_CONVERSION = YES;
				CLANG_WARN_OBJC_IMPLICIT_RETAIN_SELF = YES;
				CLANG_WARN_OBJC_LITERAL_CONVERSION = YES;
				CLANG_WARN_OBJC_ROOT_CLASS = YES_ERROR;
				CLANG_WARN_QUOTED_INCLUDE_IN_FRAMEWORK_HEADER = YES;
				CLANG_WARN_RANGE_LOOP_ANALYSIS = YES;
				CLANG_WARN_STRICT_PROTOTYPES = YES;
				CLANG_WARN_SUSPICIOUS_MOVE = YES;
				CLANG_WARN_UNGUARDED_AVAILABILITY = YES_AGGRESSIVE;
				CLANG_WARN_UNREACHABLE_CODE = YES;
				CLANG_WARN__DUPLICATE_METHOD_MATCH = YES;
				COPY_PHASE_STRIP = NO;
				DEBUG_INFORMATION_FORMAT = "dwarf-with-dsym";
				ENABLE_NS_ASSERTIONS = NO;
				ENABLE_STRICT_OBJC_MSGSEND = YES;
				GCC_C_LANGUAGE_STANDARD = gnu11;
				GCC_NO_COMMON_BLOCKS = YES;
				GCC_WARN_64_TO_32_BIT_CONVERSION = YES;
				GCC_WARN_ABOUT_RETURN_TYPE = YES_ERROR;
				GCC_WARN_UNDECLARED_SELECTOR = YES;
				GCC_WARN_UNINITIALIZED_AUTOS = YES_AGGRESSIVE;
				GCC_WARN_UNUSED_FUNCTION = YES;
				GCC_WARN_UNUSED_VARIABLE = YES;
				IPHONEOS_DEPLOYMENT_TARGET = 16.4;
				MTL_ENABLE_DEBUG_INFO = NO;
				MTL_FAST_MATH = YES;
				SDKROOT = iphoneos;
				SWIFT_COMPILATION_MODE = wholemodule;
				SWIFT_OPTIMIZATION_LEVEL = "-O";
				VALIDATE_PRODUCT = YES;
			};
			name = Release;
		};
		C5B971FB2B2F46DF00C8E5EA /* Debug */ = {
			isa = XCBuildConfiguration;
			buildSettings = {
				ASSETCATALOG_COMPILER_APPICON_NAME = AppIcon;
				ASSETCATALOG_COMPILER_GLOBAL_ACCENT_COLOR_NAME = AccentColor;
				CODE_SIGN_STYLE = Automatic;
				CURRENT_PROJECT_VERSION = 1;
				DEVELOPMENT_TEAM = ZLKKWW244J;
				GENERATE_INFOPLIST_FILE = YES;
				INFOPLIST_FILE = NotlarimUygulamasi/Info.plist;
				INFOPLIST_KEY_UIApplicationSupportsIndirectInputEvents = YES;
				INFOPLIST_KEY_UILaunchStoryboardName = LaunchScreen;
				INFOPLIST_KEY_UIMainStoryboardFile = Main;
				INFOPLIST_KEY_UISupportedInterfaceOrientations_iPad = "UIInterfaceOrientationPortrait UIInterfaceOrientationPortraitUpsideDown UIInterfaceOrientationLandscapeLeft UIInterfaceOrientationLandscapeRight";
				INFOPLIST_KEY_UISupportedInterfaceOrientations_iPhone = "UIInterfaceOrientationPortrait UIInterfaceOrientationLandscapeLeft UIInterfaceOrientationLandscapeRight";
				LD_RUNPATH_SEARCH_PATHS = (
					"$(inherited)",
					"@executable_path/Frameworks",
				);
				MARKETING_VERSION = 1.0;
				PRODUCT_BUNDLE_IDENTIFIER = com.gizemnurozden.NotlarimUygulamasi;
				PRODUCT_NAME = "$(TARGET_NAME)";
				SWIFT_EMIT_LOC_STRINGS = YES;
				SWIFT_VERSION = 5.0;
				TARGETED_DEVICE_FAMILY = "1,2";
			};
			name = Debug;
		};
		C5B971FC2B2F46DF00C8E5EA /* Release */ = {
			isa = XCBuildConfiguration;
			buildSettings = {
				ASSETCATALOG_COMPILER_APPICON_NAME = AppIcon;
				ASSETCATALOG_COMPILER_GLOBAL_ACCENT_COLOR_NAME = AccentColor;
				CODE_SIGN_STYLE = Automatic;
				CURRENT_PROJECT_VERSION = 1;
				DEVELOPMENT_TEAM = ZLKKWW244J;
				GENERATE_INFOPLIST_FILE = YES;
				INFOPLIST_FILE = NotlarimUygulamasi/Info.plist;
				INFOPLIST_KEY_UIApplicationSupportsIndirectInputEvents = YES;
				INFOPLIST_KEY_UILaunchStoryboardName = LaunchScreen;
				INFOPLIST_KEY_UIMainStoryboardFile = Main;
				INFOPLIST_KEY_UISupportedInterfaceOrientations_iPad = "UIInterfaceOrientationPortrait UIInterfaceOrientationPortraitUpsideDown UIInterfaceOrientationLandscapeLeft UIInterfaceOrientationLandscapeRight";
				INFOPLIST_KEY_UISupportedInterfaceOrientations_iPhone = "UIInterfaceOrientationPortrait UIInterfaceOrientationLandscapeLeft UIInterfaceOrientationLandscapeRight";
				LD_RUNPATH_SEARCH_PATHS = (
					"$(inherited)",
					"@executable_path/Frameworks",
				);
				MARKETING_VERSION = 1.0;
				PRODUCT_BUNDLE_IDENTIFIER = com.gizemnurozden.NotlarimUygulamasi;
				PRODUCT_NAME = "$(TARGET_NAME)";
				SWIFT_EMIT_LOC_STRINGS = YES;
				SWIFT_VERSION = 5.0;
				TARGETED_DEVICE_FAMILY = "1,2";
			};
			name = Release;
		};
/* End XCBuildConfiguration section */

/* Begin XCConfigurationList section */
		C5B971E12B2F46DE00C8E5EA /* Build configuration list for PBXProject "NotlarimUygulamasi" */ = {
			isa = XCConfigurationList;
			buildConfigurations = (
				C5B971F82B2F46DF00C8E5EA /* Debug */,
				C5B971F92B2F46DF00C8E5EA /* Release */,
			);
			defaultConfigurationIsVisible = 0;
			defaultConfigurationName = Release;
		};
		C5B971FA2B2F46DF00C8E5EA /* Build configuration list for PBXNativeTarget "NotlarimUygulamasi" */ = {
			isa = XCConfigurationList;
			buildConfigurations = (
				C5B971FB2B2F46DF00C8E5EA /* Debug */,
				C5B971FC2B2F46DF00C8E5EA /* Release */,
			);
			defaultConfigurationIsVisible = 0;
			defaultConfigurationName = Release;
		};
/* End XCConfigurationList section */

/* Begin XCRemoteSwiftPackageReference section */
		C50F63CE2B4D7BD500C86C9C /* XCRemoteSwiftPackageReference "SDWebImage" */ = {
			isa = XCRemoteSwiftPackageReference;
			repositoryURL = "https://github.com/SDWebImage/SDWebImage";
			requirement = {
				kind = upToNextMajorVersion;
				minimumVersion = 5.18.8;
			};
		};
		C535D1A72B3078C800D23DBF /* XCRemoteSwiftPackageReference "firebase-ios-sdk" */ = {
			isa = XCRemoteSwiftPackageReference;
			repositoryURL = "https://github.com/firebase/firebase-ios-sdk";
			requirement = {
				kind = upToNextMajorVersion;
				minimumVersion = 10.0.0;
			};
		};
/* End XCRemoteSwiftPackageReference section */

/* Begin XCSwiftPackageProductDependency section */
		C50F63CF2B4D7E5200C86C9C /* SDWebImage */ = {
			isa = XCSwiftPackageProductDependency;
			package = C50F63CE2B4D7BD500C86C9C /* XCRemoteSwiftPackageReference "SDWebImage" */;
			productName = SDWebImage;
		};
		C50F63D12B4D7E5200C86C9C /* SDWebImageMapKit */ = {
			isa = XCSwiftPackageProductDependency;
			package = C50F63CE2B4D7BD500C86C9C /* XCRemoteSwiftPackageReference "SDWebImage" */;
			productName = SDWebImageMapKit;
		};
		C50F63D32B4D7E7500C86C9C /* SDWebImage */ = {
			isa = XCSwiftPackageProductDependency;
			package = C50F63CE2B4D7BD500C86C9C /* XCRemoteSwiftPackageReference "SDWebImage" */;
			productName = SDWebImage;
		};
		C50F63D52B4D7E7500C86C9C /* SDWebImageMapKit */ = {
			isa = XCSwiftPackageProductDependency;
			package = C50F63CE2B4D7BD500C86C9C /* XCRemoteSwiftPackageReference "SDWebImage" */;
			productName = SDWebImageMapKit;
		};
		C535D1A82B3078C800D23DBF /* FirebaseAnalytics */ = {
			isa = XCSwiftPackageProductDependency;
			package = C535D1A72B3078C800D23DBF /* XCRemoteSwiftPackageReference "firebase-ios-sdk" */;
			productName = FirebaseAnalytics;
		};
		C535D1AA2B3078C800D23DBF /* FirebaseAuth */ = {
			isa = XCSwiftPackageProductDependency;
			package = C535D1A72B3078C800D23DBF /* XCRemoteSwiftPackageReference "firebase-ios-sdk" */;
			productName = FirebaseAuth;
		};
		C535D1AC2B3078C800D23DBF /* FirebaseFirestore */ = {
			isa = XCSwiftPackageProductDependency;
			package = C535D1A72B3078C800D23DBF /* XCRemoteSwiftPackageReference "firebase-ios-sdk" */;
			productName = FirebaseFirestore;
		};
		C535D1AE2B3078C800D23DBF /* FirebaseStorage */ = {
			isa = XCSwiftPackageProductDependency;
			package = C535D1A72B3078C800D23DBF /* XCRemoteSwiftPackageReference "firebase-ios-sdk" */;
			productName = FirebaseStorage;
		};
/* End XCSwiftPackageProductDependency section */
	};
	rootObject = C5B971DE2B2F46DE00C8E5EA /* Project object */;
}
